
Microsoft Visual Studio Solution File, Format Version 12.00
# Visual Studio Version 17
VisualStudioVersion = 17.8.34525.116
MinimumVisualStudioVersion = 10.0.40219.1
Project("{FAE04EC0-301F-11D3-BF4B-00C04F79EFBC}") = "Darkstore", "Darkstore.csproj", "{545F7352-102A-4928-B332-C4E7A4FF26FC}"
EndProject
Global
	GlobalSection(SolutionConfigurationPlatforms) = preSolution
		Debug|Any CPU = Debug|Any CPU
		Release|Any CPU = Release|Any CPU
	EndGlobalSection
	GlobalSection(ProjectConfigurationPlatforms) = postSolution
		{545F7352-102A-4928-B332-C4E7A4FF26FC}.Debug|Any CPU.ActiveCfg = Debug|Any CPU
		{545F7352-102A-4928-B332-C4E7A4FF26FC}.Debug|Any CPU.Build.0 = Debug|Any CPU
		{545F7352-102A-4928-B332-C4E7A4FF26FC}.Release|Any CPU.ActiveCfg = Release|Any CPU
		{545F7352-102A-4928-B332-C4E7A4FF26FC}.Release|Any CPU.Build.0 = Release|Any CPU
	EndGlobalSection
	GlobalSection(SolutionProperties) = preSolution
		HideSolutionNode = FALSE
	EndGlobalSection
	GlobalSection(ExtensibilityGlobals) = postSolution
		SolutionGuid = {72F13FE3-D221-419F-B961-0E923A7D1C19}
	EndGlobalSection
EndGlobal
